
Microsoft Visual Studio Solution File, Format Version 12.00
Project("{FAE04EC0-301F-11D3-BF4B-00C04F79EFBC}") = "Shared", "Shared\Shared.csproj", "{2262B079-73D5-4EBB-AF5E-1153777DDD90}"
EndProject
Project("{2150E333-8FDC-42A3-9474-1A3956D46DE8}") = "2024", "2024", "{9E5A73F2-A2D8-421C-B9F9-C5C6A0ECBD1D}"
EndProject
Project("{2150E333-8FDC-42A3-9474-1A3956D46DE8}") = "2016", "2016", "{3D3F68F4-116B-4B4B-86CD-482D5A1DFF2C}"
EndProject
Project("{FAE04EC0-301F-11D3-BF4B-00C04F79EFBC}") = "2016.Day01", "2016\2016.Day01\2016.Day01.csproj", "{B6B0DEAD-5A85-4435-BCDD-66D3F2950779}"
EndProject
Project("{FAE04EC0-301F-11D3-BF4B-00C04F79EFBC}") = "2016.Day02", "2016\2016.Day02\2016.Day02.csproj", "{D8158F9E-E3C1-4159-9781-289E16D83A33}"
EndProject
Project("{FAE04EC0-301F-11D3-BF4B-00C04F79EFBC}") = "2016.Day03", "2016\2016.Day03\2016.Day03.csproj", "{CB1F4DCE-B992-45E3-829F-E9A88623DF3A}"
EndProject
Project("{FAE04EC0-301F-11D3-BF4B-00C04F79EFBC}") = "2016.Day04", "2016\2016.Day04\2016.Day04.csproj", "{1B8F80FE-319F-4CDF-8475-1A85EF697815}"
EndProject
Project("{FAE04EC0-301F-11D3-BF4B-00C04F79EFBC}") = "2016.Day05", "2016\2016.Day05\2016.Day05.csproj", "{B77B2AC6-24B0-4C33-AA69-167C57B93180}"
EndProject
Project("{FAE04EC0-301F-11D3-BF4B-00C04F79EFBC}") = "2016.Day06", "2016\2016.Day06\2016.Day06.csproj", "{7C4C820C-3768-457B-A894-1686B90047D1}"
EndProject
Project("{FAE04EC0-301F-11D3-BF4B-00C04F79EFBC}") = "2016.Day07", "2016\2016.Day07\2016.Day07.csproj", "{A0903B50-35FB-45E0-BDFC-B857E70F3C76}"
EndProject
Project("{FAE04EC0-301F-11D3-BF4B-00C04F79EFBC}") = "2016.Day08", "2016\2016.Day08\2016.Day08.csproj", "{787E14CD-3534-4B8C-B285-FE6A8BF6F6C7}"
EndProject
Project("{FAE04EC0-301F-11D3-BF4B-00C04F79EFBC}") = "2016.Day09", "2016\2016.Day09\2016.Day09.csproj", "{4BB30D61-6CC1-4C28-8D54-1CE1A22027C3}"
EndProject
Project("{FAE04EC0-301F-11D3-BF4B-00C04F79EFBC}") = "2024.Day01", "2024\2024.Day01\2024.Day01.csproj", "{A4BF6394-2B69-4035-B88E-A2A6FA560924}"
EndProject
Project("{FAE04EC0-301F-11D3-BF4B-00C04F79EFBC}") = "2016.Day10", "2016\2016.Day10\2016.Day10.csproj", "{F2AFDB60-6EE4-46B1-846B-E51ADE6D97E1}"
EndProject
Project("{FAE04EC0-301F-11D3-BF4B-00C04F79EFBC}") = "2016.Day11", "2016\2016.Day11\2016.Day11.csproj", "{73474BCC-AE35-41A3-9114-32ECA1B4E436}"
EndProject
Project("{FAE04EC0-301F-11D3-BF4B-00C04F79EFBC}") = "2024.Day02", "2024\2024.Day02\2024.Day02.csproj", "{B17FDD10-3BF0-44F5-8CCF-28409D0030FD}"
EndProject
Project("{FAE04EC0-301F-11D3-BF4B-00C04F79EFBC}") = "2024.Day03", "2024\2024.Day03\2024.Day03.csproj", "{DFCF3817-6934-411C-9A43-C2669155BFF8}"
EndProject
Project("{FAE04EC0-301F-11D3-BF4B-00C04F79EFBC}") = "2024.Day04", "2024\2024.Day04\2024.Day04.csproj", "{D5FD38B4-4A3E-45E4-A7EB-65276286F72A}"
EndProject
Global
	GlobalSection(SolutionConfigurationPlatforms) = preSolution
		Debug|Any CPU = Debug|Any CPU
		Release|Any CPU = Release|Any CPU
	EndGlobalSection
	GlobalSection(ProjectConfigurationPlatforms) = postSolution
		{2262B079-73D5-4EBB-AF5E-1153777DDD90}.Debug|Any CPU.ActiveCfg = Debug|Any CPU
		{2262B079-73D5-4EBB-AF5E-1153777DDD90}.Debug|Any CPU.Build.0 = Debug|Any CPU
		{2262B079-73D5-4EBB-AF5E-1153777DDD90}.Release|Any CPU.ActiveCfg = Release|Any CPU
		{2262B079-73D5-4EBB-AF5E-1153777DDD90}.Release|Any CPU.Build.0 = Release|Any CPU
		{B6B0DEAD-5A85-4435-BCDD-66D3F2950779}.Debug|Any CPU.ActiveCfg = Debug|Any CPU
		{B6B0DEAD-5A85-4435-BCDD-66D3F2950779}.Debug|Any CPU.Build.0 = Debug|Any CPU
		{B6B0DEAD-5A85-4435-BCDD-66D3F2950779}.Release|Any CPU.ActiveCfg = Release|Any CPU
		{B6B0DEAD-5A85-4435-BCDD-66D3F2950779}.Release|Any CPU.Build.0 = Release|Any CPU
		{D8158F9E-E3C1-4159-9781-289E16D83A33}.Debug|Any CPU.ActiveCfg = Debug|Any CPU
		{D8158F9E-E3C1-4159-9781-289E16D83A33}.Debug|Any CPU.Build.0 = Debug|Any CPU
		{D8158F9E-E3C1-4159-9781-289E16D83A33}.Release|Any CPU.ActiveCfg = Release|Any CPU
		{D8158F9E-E3C1-4159-9781-289E16D83A33}.Release|Any CPU.Build.0 = Release|Any CPU
		{CB1F4DCE-B992-45E3-829F-E9A88623DF3A}.Debug|Any CPU.ActiveCfg = Debug|Any CPU
		{CB1F4DCE-B992-45E3-829F-E9A88623DF3A}.Debug|Any CPU.Build.0 = Debug|Any CPU
		{CB1F4DCE-B992-45E3-829F-E9A88623DF3A}.Release|Any CPU.ActiveCfg = Release|Any CPU
		{CB1F4DCE-B992-45E3-829F-E9A88623DF3A}.Release|Any CPU.Build.0 = Release|Any CPU
		{1B8F80FE-319F-4CDF-8475-1A85EF697815}.Debug|Any CPU.ActiveCfg = Debug|Any CPU
		{1B8F80FE-319F-4CDF-8475-1A85EF697815}.Debug|Any CPU.Build.0 = Debug|Any CPU
		{1B8F80FE-319F-4CDF-8475-1A85EF697815}.Release|Any CPU.ActiveCfg = Release|Any CPU
		{1B8F80FE-319F-4CDF-8475-1A85EF697815}.Release|Any CPU.Build.0 = Release|Any CPU
		{B77B2AC6-24B0-4C33-AA69-167C57B93180}.Debug|Any CPU.ActiveCfg = Debug|Any CPU
		{B77B2AC6-24B0-4C33-AA69-167C57B93180}.Debug|Any CPU.Build.0 = Debug|Any CPU
		{B77B2AC6-24B0-4C33-AA69-167C57B93180}.Release|Any CPU.ActiveCfg = Release|Any CPU
		{B77B2AC6-24B0-4C33-AA69-167C57B93180}.Release|Any CPU.Build.0 = Release|Any CPU
		{7C4C820C-3768-457B-A894-1686B90047D1}.Debug|Any CPU.ActiveCfg = Debug|Any CPU
		{7C4C820C-3768-457B-A894-1686B90047D1}.Debug|Any CPU.Build.0 = Debug|Any CPU
		{7C4C820C-3768-457B-A894-1686B90047D1}.Release|Any CPU.ActiveCfg = Release|Any CPU
		{7C4C820C-3768-457B-A894-1686B90047D1}.Release|Any CPU.Build.0 = Release|Any CPU
		{A0903B50-35FB-45E0-BDFC-B857E70F3C76}.Debug|Any CPU.ActiveCfg = Debug|Any CPU
		{A0903B50-35FB-45E0-BDFC-B857E70F3C76}.Debug|Any CPU.Build.0 = Debug|Any CPU
		{A0903B50-35FB-45E0-BDFC-B857E70F3C76}.Release|Any CPU.ActiveCfg = Release|Any CPU
		{A0903B50-35FB-45E0-BDFC-B857E70F3C76}.Release|Any CPU.Build.0 = Release|Any CPU
		{787E14CD-3534-4B8C-B285-FE6A8BF6F6C7}.Debug|Any CPU.ActiveCfg = Debug|Any CPU
		{787E14CD-3534-4B8C-B285-FE6A8BF6F6C7}.Debug|Any CPU.Build.0 = Debug|Any CPU
		{787E14CD-3534-4B8C-B285-FE6A8BF6F6C7}.Release|Any CPU.ActiveCfg = Release|Any CPU
		{787E14CD-3534-4B8C-B285-FE6A8BF6F6C7}.Release|Any CPU.Build.0 = Release|Any CPU
		{4BB30D61-6CC1-4C28-8D54-1CE1A22027C3}.Debug|Any CPU.ActiveCfg = Debug|Any CPU
		{4BB30D61-6CC1-4C28-8D54-1CE1A22027C3}.Debug|Any CPU.Build.0 = Debug|Any CPU
		{4BB30D61-6CC1-4C28-8D54-1CE1A22027C3}.Release|Any CPU.ActiveCfg = Release|Any CPU
		{4BB30D61-6CC1-4C28-8D54-1CE1A22027C3}.Release|Any CPU.Build.0 = Release|Any CPU
		{A4BF6394-2B69-4035-B88E-A2A6FA560924}.Debug|Any CPU.ActiveCfg = Debug|Any CPU
		{A4BF6394-2B69-4035-B88E-A2A6FA560924}.Debug|Any CPU.Build.0 = Debug|Any CPU
		{A4BF6394-2B69-4035-B88E-A2A6FA560924}.Release|Any CPU.ActiveCfg = Release|Any CPU
		{A4BF6394-2B69-4035-B88E-A2A6FA560924}.Release|Any CPU.Build.0 = Release|Any CPU
		{F2AFDB60-6EE4-46B1-846B-E51ADE6D97E1}.Debug|Any CPU.ActiveCfg = Debug|Any CPU
		{F2AFDB60-6EE4-46B1-846B-E51ADE6D97E1}.Debug|Any CPU.Build.0 = Debug|Any CPU
		{F2AFDB60-6EE4-46B1-846B-E51ADE6D97E1}.Release|Any CPU.ActiveCfg = Release|Any CPU
		{F2AFDB60-6EE4-46B1-846B-E51ADE6D97E1}.Release|Any CPU.Build.0 = Release|Any CPU
		{73474BCC-AE35-41A3-9114-32ECA1B4E436}.Debug|Any CPU.ActiveCfg = Debug|Any CPU
		{73474BCC-AE35-41A3-9114-32ECA1B4E436}.Debug|Any CPU.Build.0 = Debug|Any CPU
		{73474BCC-AE35-41A3-9114-32ECA1B4E436}.Release|Any CPU.ActiveCfg = Release|Any CPU
		{73474BCC-AE35-41A3-9114-32ECA1B4E436}.Release|Any CPU.Build.0 = Release|Any CPU
		{B17FDD10-3BF0-44F5-8CCF-28409D0030FD}.Debug|Any CPU.ActiveCfg = Debug|Any CPU
		{B17FDD10-3BF0-44F5-8CCF-28409D0030FD}.Debug|Any CPU.Build.0 = Debug|Any CPU
		{B17FDD10-3BF0-44F5-8CCF-28409D0030FD}.Release|Any CPU.ActiveCfg = Release|Any CPU
		{B17FDD10-3BF0-44F5-8CCF-28409D0030FD}.Release|Any CPU.Build.0 = Release|Any CPU
		{DFCF3817-6934-411C-9A43-C2669155BFF8}.Debug|Any CPU.ActiveCfg = Debug|Any CPU
		{DFCF3817-6934-411C-9A43-C2669155BFF8}.Debug|Any CPU.Build.0 = Debug|Any CPU
		{DFCF3817-6934-411C-9A43-C2669155BFF8}.Release|Any CPU.ActiveCfg = Release|Any CPU
		{DFCF3817-6934-411C-9A43-C2669155BFF8}.Release|Any CPU.Build.0 = Release|Any CPU
		{D5FD38B4-4A3E-45E4-A7EB-65276286F72A}.Debug|Any CPU.ActiveCfg = Debug|Any CPU
		{D5FD38B4-4A3E-45E4-A7EB-65276286F72A}.Debug|Any CPU.Build.0 = Debug|Any CPU
		{D5FD38B4-4A3E-45E4-A7EB-65276286F72A}.Release|Any CPU.ActiveCfg = Release|Any CPU
		{D5FD38B4-4A3E-45E4-A7EB-65276286F72A}.Release|Any CPU.Build.0 = Release|Any CPU
	EndGlobalSection
	GlobalSection(NestedProjects) = preSolution
		{B6B0DEAD-5A85-4435-BCDD-66D3F2950779} = {3D3F68F4-116B-4B4B-86CD-482D5A1DFF2C}
		{D8158F9E-E3C1-4159-9781-289E16D83A33} = {3D3F68F4-116B-4B4B-86CD-482D5A1DFF2C}
		{CB1F4DCE-B992-45E3-829F-E9A88623DF3A} = {3D3F68F4-116B-4B4B-86CD-482D5A1DFF2C}
		{1B8F80FE-319F-4CDF-8475-1A85EF697815} = {3D3F68F4-116B-4B4B-86CD-482D5A1DFF2C}
		{B77B2AC6-24B0-4C33-AA69-167C57B93180} = {3D3F68F4-116B-4B4B-86CD-482D5A1DFF2C}
		{7C4C820C-3768-457B-A894-1686B90047D1} = {3D3F68F4-116B-4B4B-86CD-482D5A1DFF2C}
		{A0903B50-35FB-45E0-BDFC-B857E70F3C76} = {3D3F68F4-116B-4B4B-86CD-482D5A1DFF2C}
		{787E14CD-3534-4B8C-B285-FE6A8BF6F6C7} = {3D3F68F4-116B-4B4B-86CD-482D5A1DFF2C}
		{4BB30D61-6CC1-4C28-8D54-1CE1A22027C3} = {3D3F68F4-116B-4B4B-86CD-482D5A1DFF2C}
		{A4BF6394-2B69-4035-B88E-A2A6FA560924} = {9E5A73F2-A2D8-421C-B9F9-C5C6A0ECBD1D}
		{F2AFDB60-6EE4-46B1-846B-E51ADE6D97E1} = {3D3F68F4-116B-4B4B-86CD-482D5A1DFF2C}
		{73474BCC-AE35-41A3-9114-32ECA1B4E436} = {3D3F68F4-116B-4B4B-86CD-482D5A1DFF2C}
		{B17FDD10-3BF0-44F5-8CCF-28409D0030FD} = {9E5A73F2-A2D8-421C-B9F9-C5C6A0ECBD1D}
		{DFCF3817-6934-411C-9A43-C2669155BFF8} = {9E5A73F2-A2D8-421C-B9F9-C5C6A0ECBD1D}
		{D5FD38B4-4A3E-45E4-A7EB-65276286F72A} = {9E5A73F2-A2D8-421C-B9F9-C5C6A0ECBD1D}
	EndGlobalSection
EndGlobal
